
Microsoft Visual Studio Solution File, Format Version 12.00
# Visual Studio Version 17
VisualStudioVersion = 17.5.33530.505
MinimumVisualStudioVersion = 10.0.40219.1
Project("{FAE04EC0-301F-11D3-BF4B-00C04F79EFBC}") = "bill form", "bill form\bill form.csproj", "{BAF1FF82-8849-4901-A89F-47BAB565A5BA}"
EndProject
Global
	GlobalSection(SolutionConfigurationPlatforms) = preSolution
		Debug|Any CPU = Debug|Any CPU
		Release|Any CPU = Release|Any CPU
	EndGlobalSection
	GlobalSection(ProjectConfigurationPlatforms) = postSolution
		{BAF1FF82-8849-4901-A89F-47BAB565A5BA}.Debug|Any CPU.ActiveCfg = Debug|Any CPU
		{BAF1FF82-8849-4901-A89F-47BAB565A5BA}.Debug|Any CPU.Build.0 = Debug|Any CPU
		{BAF1FF82-8849-4901-A89F-47BAB565A5BA}.Release|Any CPU.ActiveCfg = Release|Any CPU
		{BAF1FF82-8849-4901-A89F-47BAB565A5BA}.Release|Any CPU.Build.0 = Release|Any CPU
	EndGlobalSection
	GlobalSection(SolutionProperties) = preSolution
		HideSolutionNode = FALSE
	EndGlobalSection
	GlobalSection(ExtensibilityGlobals) = postSolution
		SolutionGuid = {1365139B-C403-4A68-8A80-C22B37933979}
	EndGlobalSection
EndGlobal
