
Microsoft Visual Studio Solution File, Format Version 12.00
# Visual Studio Version 17
VisualStudioVersion = 17.6.33712.159
MinimumVisualStudioVersion = 10.0.40219.1
Project("{FAE04EC0-301F-11D3-BF4B-00C04F79EFBC}") = "Dashboard", "Dashboard\Dashboard.csproj", "{AC5D20DF-61C7-484D-ACF7-F5410D863D43}"
EndProject
Global
	GlobalSection(SolutionConfigurationPlatforms) = preSolution
		Debug|Any CPU = Debug|Any CPU
		Release|Any CPU = Release|Any CPU
	EndGlobalSection
	GlobalSection(ProjectConfigurationPlatforms) = postSolution
		{AC5D20DF-61C7-484D-ACF7-F5410D863D43}.Debug|Any CPU.ActiveCfg = Debug|Any CPU
		{AC5D20DF-61C7-484D-ACF7-F5410D863D43}.Debug|Any CPU.Build.0 = Debug|Any CPU
		{AC5D20DF-61C7-484D-ACF7-F5410D863D43}.Release|Any CPU.ActiveCfg = Release|Any CPU
		{AC5D20DF-61C7-484D-ACF7-F5410D863D43}.Release|Any CPU.Build.0 = Release|Any CPU
	EndGlobalSection
	GlobalSection(SolutionProperties) = preSolution
		HideSolutionNode = FALSE
	EndGlobalSection
	GlobalSection(ExtensibilityGlobals) = postSolution
		SolutionGuid = {7ADF8B0D-D26D-47D4-88A3-693089139623}
	EndGlobalSection
EndGlobal
